// !$*UTF8*$!
{
	archiveVersion = 1;
	classes = {
	};
	objectVersion = 46;
	objects = {

/* Begin PBXFileReference section */
		B09F000D1AFC5F8D000C4224 /* IntegralHistogram.cpp */ = {isa = PBXFileReference; lastKnownFileType = sourcecode.cpp.cpp; path = IntegralHistogram.cpp; sourceTree = "<group>"; };
		B09F000E1AFC5F8D000C4224 /* IntegralHistogram.h */ = {isa = PBXFileReference; lastKnownFileType = sourcecode.c.h; path = IntegralHistogram.h; sourceTree = "<group>"; };
/* End PBXFileReference section */

/* Begin PBXGroup section */
		B09F00061AFC5F5A000C4224 = {
			isa = PBXGroup;
			children = (
				B09F000D1AFC5F8D000C4224 /* IntegralHistogram.cpp */,
				B09F000E1AFC5F8D000C4224 /* IntegralHistogram.h */,
			);
			sourceTree = "<group>";
		};
/* End PBXGroup section */

/* Begin PBXProject section */
		B09F00071AFC5F5A000C4224 /* Project object */ = {
			isa = PBXProject;
			attributes = {
				LastUpgradeCheck = 0510;
			};
			buildConfigurationList = B09F000A1AFC5F5A000C4224 /* Build configuration list for PBXProject "ComputeHistogram" */;
			compatibilityVersion = "Xcode 3.2";
			developmentRegion = English;
			hasScannedForEncodings = 0;
			knownRegions = (
				en,
			);
			mainGroup = B09F00061AFC5F5A000C4224;
			projectDirPath = "";
			projectRoot = "";
			targets = (
			);
		};
/* End PBXProject section */

/* Begin XCBuildConfiguration section */
		B09F000B1AFC5F5A000C4224 /* Debug */ = {
			isa = XCBuildConfiguration;
			buildSettings = {
			};
			name = Debug;
		};
		B09F000C1AFC5F5A000C4224 /* Release */ = {
			isa = XCBuildConfiguration;
			buildSettings = {
			};
			name = Release;
		};
/* End XCBuildConfiguration section */

/* Begin XCConfigurationList section */
		B09F000A1AFC5F5A000C4224 /* Build configuration list for PBXProject "ComputeHistogram" */ = {
			isa = XCConfigurationList;
			buildConfigurations = (
				B09F000B1AFC5F5A000C4224 /* Debug */,
				B09F000C1AFC5F5A000C4224 /* Release */,
			);
			defaultConfigurationIsVisible = 0;
			defaultConfigurationName = Release;
		};
/* End XCConfigurationList section */
	};
	rootObject = B09F00071AFC5F5A000C4224 /* Project object */;
}
